// !$*UTF8*$!
{
	archiveVersion = 1;
	classes = {
	};
	objectVersion = 46;
	objects = {

/* Begin PBXAggregateTarget section */
		4899D6862276BE4CEA6A2F68 /* verbose - All */ = {
			isa = PBXAggregateTarget;
			buildConfigurationList = 6B1ADD0F143ACF1E0394F22C;
			buildPhases = (
			);
			dependencies = (
				C78572B5ECA7D601275EAF50,
				7083208453C8E87E97FBA138,
				1ACA21E82011C4970527B579,
			);
			name = "verbose - All";
			productName = verbose;
		};
/* End PBXAggregateTarget section */

/* Begin PBXBuildFile section */
		07330EC2B9CE5EDFD177F0F4 /* include_juce_audio_processors_ara.cpp */ = {isa = PBXBuildFile; fileRef = CAF049AD6F19504B0FABCE74; };
		0956C830A714E94E981ED601 /* include_juce_audio_plugin_client_AUv3.mm */ = {isa = PBXBuildFile; fileRef = D4F6401C69D2EE108C75D934; };
		0FC9A0B67C180F27F43A23CB /* include_juce_graphics.mm */ = {isa = PBXBuildFile; fileRef = C9C008DDC538F4B4B303F4FB; };
		1111220706733F5935DE560F /* include_juce_audio_formats.mm */ = {isa = PBXBuildFile; fileRef = 061F8BE9E5978B6FDA923C48; };
		11DC94D12D2EBA0B4448B4AC /* include_juce_audio_processors_lv2_libs.cpp */ = {isa = PBXBuildFile; fileRef = 9BED7200BB1702F420274968; };
		150B912EB75AD7121B629116 /* Shared Code */ = {isa = PBXBuildFile; fileRef = 046EF52550AC64F08C5D1167; };
		1B1423C1C0DB00565A93CCF8 /* AudioUnit.framework */ = {isa = PBXBuildFile; fileRef = AA2C8B08694E500F35D5F6FE; };
		1EDB6BE849D35BAC51F3BE44 /* IOKit.framework */ = {isa = PBXBuildFile; fileRef = 5C5F97AE5FD8D8DDDDF3ABCE; };
		2004D5E0C51CD736A84F76F5 /* include_juce_audio_devices.mm */ = {isa = PBXBuildFile; fileRef = DBABBAEA81D5176C88D32F63; };
		2895976B98DE53071571F931 /* PluginEditor.cpp */ = {isa = PBXBuildFile; fileRef = 7D163D7C3B6C306263AF1BB4; };
		2FFB99D0B35F2F9D90302035 /* CoreAudioKit.framework */ = {isa = PBXBuildFile; fileRef = E6B6B2FF7614FBF3C3EB2EFA; };
		4BEB29901816A64CBA795E3F /* include_juce_audio_plugin_client_ARA.cpp */ = {isa = PBXBuildFile; fileRef = 04D7A37380DD307BD494FE69; };
		4DA85F165B8DBD1F9206BB78 /* Foundation.framework */ = {isa = PBXBuildFile; fileRef = 55D0374C7A2962400D811463; };
		4E8EBB229903F57A4D8511DC /* BinaryData.cpp */ = {isa = PBXBuildFile; fileRef = 6DA730BA8B8F51205CC9A1BE; };
		5D405680C29083C099B63909 /* QuartzCore.framework */ = {isa = PBXBuildFile; fileRef = 1E101C79DED54F01C8DE505A; };
		6A5570790553BF988EE704EA /* VST3 */ = {isa = PBXBuildFile; fileRef = 6C9EEAE7073A0FEFDA0C9D84; };
		7212C5EB3781A35BF945ADC1 /* include_juce_events.mm */ = {isa = PBXBuildFile; fileRef = 5D7E7A6275C236B51F555C80; };
		77E3178DE8944AB4136CA73E /* include_juce_audio_utils.mm */ = {isa = PBXBuildFile; fileRef = 9CCA69DA3CC109B80F01B831; };
		8EE8354F0D8BBD11DAB210DD /* include_juce_audio_processors.mm */ = {isa = PBXBuildFile; fileRef = B3B19C176FD93AF3033786C5; };
		9AFC62704939DFDD43164ADB /* AUv3 AppExtension */ = {isa = PBXBuildFile; fileRef = 840125E164B953F89F47773B; };
		9FE7E75146FA94E808023960 /* Accelerate.framework */ = {isa = PBXBuildFile; fileRef = D9F99FDED5C1577A3FF26F80; };
		A9728BFF6C07B390312BF712 /* DiscRecording.framework */ = {isa = PBXBuildFile; fileRef = A7A9A04671335B2963231A04; };
		AAC2A48DC04E1B5D983A5278 /* AVFoundation.framework */ = {isa = PBXBuildFile; fileRef = 4276EB1DF5C7B14F49B4F210; };
		B28625D6C926C821B172CC4C /* include_juce_audio_plugin_client_utils.cpp */ = {isa = PBXBuildFile; fileRef = 51CA46849A09016648B39372; };
		B7BEFFBAD2E73530AC929B28 /* RecentFilesMenuTemplate.nib */ = {isa = PBXBuildFile; fileRef = 9794B47D784A351AACF189C0; };
		B9111736D33D7C86D6DB0DDF /* include_juce_core.mm */ = {isa = PBXBuildFile; fileRef = 3863F459326FD844593B35D1; };
		BB9C5E7B406AC42E4B166C80 /* include_juce_data_structures.mm */ = {isa = PBXBuildFile; fileRef = 802FAC7D8FB678F6B7AC499B; };
		C1F8E9B0C3ECBB7C64EE2ECA /* include_juce_audio_basics.mm */ = {isa = PBXBuildFile; fileRef = 79B6B7557DA96BD7188E7FD7; };
		C3478DCFE95927FF543DAAD1 /* include_juce_audio_plugin_client_VST3.cpp */ = {isa = PBXBuildFile; fileRef = BBC1B108083B83A92C1FC624; };
		C539A22349596C7D96F343E3 /* CoreMIDI.framework */ = {isa = PBXBuildFile; fileRef = 0D5E544EDAA779976FC05967; };
		C8D92B147873DAD68AAA31EF /* AudioToolbox.framework */ = {isa = PBXBuildFile; fileRef = 821F5B0C51574EB3C0D570AF; };
		C9DEF95195EEA69D27492F39 /* WebKit.framework */ = {isa = PBXBuildFile; fileRef = B324A83DE9303D21FBEAE3A4; };
		CBCBE6CE4886C10DB46A6AD0 /* include_juce_gui_extra.mm */ = {isa = PBXBuildFile; fileRef = 1FAB4E423F1E21CA47CC4198; };
		D26C7610D74090CEC3EFE22D /* CoreAudio.framework */ = {isa = PBXBuildFile; fileRef = 10B84DDE04502DAF2DDAD3B9; };
		D8356398143126778006CC99 /* Cocoa.framework */ = {isa = PBXBuildFile; fileRef = 5E90A6A8473F774EC9D74B41; };
		EFF46A66064E2A9E2AEAAD19 /* PluginProcessor.cpp */ = {isa = PBXBuildFile; fileRef = 01DBFE743BD0237931B401C6; };
		F198E0C16A8F3D5074C4A2AC /* include_juce_gui_basics.mm */ = {isa = PBXBuildFile; fileRef = 37CAEC0D7C7FA2C2A880AEE3; };
		FE9AD6D2F38D326F377184EA /* include_juce_audio_plugin_client_VST_utils.mm */ = {isa = PBXBuildFile; fileRef = 6E89F5790177D8BC61343126; };
/* End PBXBuildFile section */

/* Begin PBXFileReference section */
		0110025DF1C63B26689F5CA2 /* Snapshot_Component.h */ /* Snapshot_Component.h */ = {isa = PBXFileReference; lastKnownFileType = sourcecode.c.h; name = Snapshot_Component.h; path = ../../Source/Snapshot_Component.h; sourceTree = SOURCE_ROOT; };
		01DBFE743BD0237931B401C6 /* PluginProcessor.cpp */ /* PluginProcessor.cpp */ = {isa = PBXFileReference; lastKnownFileType = sourcecode.cpp.cpp; name = PluginProcessor.cpp; path = ../../Source/PluginProcessor.cpp; sourceTree = SOURCE_ROOT; };
		046EF52550AC64F08C5D1167 /* Shared Code */ = {isa = PBXFileReference; explicitFileType = archive.ar; includeInIndex = 0; path = libverbose.a; sourceTree = BUILT_PRODUCTS_DIR; };
		04D7A37380DD307BD494FE69 /* include_juce_audio_plugin_client_ARA.cpp */ /* include_juce_audio_plugin_client_ARA.cpp */ = {isa = PBXFileReference; lastKnownFileType = sourcecode.cpp.cpp; name = include_juce_audio_plugin_client_ARA.cpp; path = ../../JuceLibraryCode/include_juce_audio_plugin_client_ARA.cpp; sourceTree = SOURCE_ROOT; };
		061F8BE9E5978B6FDA923C48 /* include_juce_audio_formats.mm */ /* include_juce_audio_formats.mm */ = {isa = PBXFileReference; lastKnownFileType = sourcecode.cpp.objcpp; name = include_juce_audio_formats.mm; path = ../../JuceLibraryCode/include_juce_audio_formats.mm; sourceTree = SOURCE_ROOT; };
		0D5E544EDAA779976FC05967 /* CoreMIDI.framework */ /* CoreMIDI.framework */ = {isa = PBXFileReference; lastKnownFileType = wrapper.framework; name = CoreMIDI.framework; path = System/Library/Frameworks/CoreMIDI.framework; sourceTree = SDKROOT; };
		10B84DDE04502DAF2DDAD3B9 /* CoreAudio.framework */ /* CoreAudio.framework */ = {isa = PBXFileReference; lastKnownFileType = wrapper.framework; name = CoreAudio.framework; path = System/Library/Frameworks/CoreAudio.framework; sourceTree = SDKROOT; };
		1E101C79DED54F01C8DE505A /* QuartzCore.framework */ /* QuartzCore.framework */ = {isa = PBXFileReference; lastKnownFileType = wrapper.framework; name = QuartzCore.framework; path = System/Library/Frameworks/QuartzCore.framework; sourceTree = SDKROOT; };
		1FAB4E423F1E21CA47CC4198 /* include_juce_gui_extra.mm */ /* include_juce_gui_extra.mm */ = {isa = PBXFileReference; lastKnownFileType = sourcecode.cpp.objcpp; name = include_juce_gui_extra.mm; path = ../../JuceLibraryCode/include_juce_gui_extra.mm; sourceTree = SOURCE_ROOT; };
		25783737EB06C96EB875D9D8 /* JucePluginDefines.h */ /* JucePluginDefines.h */ = {isa = PBXFileReference; lastKnownFileType = sourcecode.c.h; name = JucePluginDefines.h; path = ../../JuceLibraryCode/JucePluginDefines.h; sourceTree = SOURCE_ROOT; };
		319CB7AA31258BB43F6FE394 /* HelveticaNeue.ttc */ /* HelveticaNeue.ttc */ = {isa = PBXFileReference; lastKnownFileType = file.ttc; name = HelveticaNeue.ttc; path = ../../Source/Resources/HelveticaNeue.ttc; sourceTree = SOURCE_ROOT; };
		340B61ADC596B4721AE0BABF /* juce_core */ /* juce_core */ = {isa = PBXFileReference; lastKnownFileType = folder; name = juce_core; path = /Applications/JUCE/modules/juce_core; sourceTree = "<absolute>"; };
		37CAEC0D7C7FA2C2A880AEE3 /* include_juce_gui_basics.mm */ /* include_juce_gui_basics.mm */ = {isa = PBXFileReference; lastKnownFileType = sourcecode.cpp.objcpp; name = include_juce_gui_basics.mm; path = ../../JuceLibraryCode/include_juce_gui_basics.mm; sourceTree = SOURCE_ROOT; };
		3863F459326FD844593B35D1 /* include_juce_core.mm */ /* include_juce_core.mm */ = {isa = PBXFileReference; lastKnownFileType = sourcecode.cpp.objcpp; name = include_juce_core.mm; path = ../../JuceLibraryCode/include_juce_core.mm; sourceTree = SOURCE_ROOT; };
		3D06C3C8DEA36C5BAEF16A8C /* Shapes.h */ /* Shapes.h */ = {isa = PBXFileReference; lastKnownFileType = sourcecode.c.h; name = Shapes.h; path = ../../Source/Shapes.h; sourceTree = SOURCE_ROOT; };
		3F984621D66096914559DCEF /* StyleConstants.h */ /* StyleConstants.h */ = {isa = PBXFileReference; lastKnownFileType = sourcecode.c.h; name = StyleConstants.h; path = ../../Source/StyleConstants.h; sourceTree = SOURCE_ROOT; };
		3F9BE6788847973A34A40DD0 /* Info-AUv3_AppExtension.plist */ /* Info-AUv3_AppExtension.plist */ = {isa = PBXFileReference; lastKnownFileType = text.plist.xml; name = "Info-AUv3_AppExtension.plist"; path = "Info-AUv3_AppExtension.plist"; sourceTree = SOURCE_ROOT; };
		4276EB1DF5C7B14F49B4F210 /* AVFoundation.framework */ /* AVFoundation.framework */ = {isa = PBXFileReference; lastKnownFileType = wrapper.framework; name = AVFoundation.framework; path = System/Library/Frameworks/AVFoundation.framework; sourceTree = SDKROOT; };
		4338DBE4FB17853F91141132 /* ScaleButton_Component.h */ /* ScaleButton_Component.h */ = {isa = PBXFileReference; lastKnownFileType = sourcecode.c.h; name = ScaleButton_Component.h; path = ../../Source/ScaleButton_Component.h; sourceTree = SOURCE_ROOT; };
		51CA46849A09016648B39372 /* include_juce_audio_plugin_client_utils.cpp */ /* include_juce_audio_plugin_client_utils.cpp */ = {isa = PBXFileReference; lastKnownFileType = sourcecode.cpp.cpp; name = include_juce_audio_plugin_client_utils.cpp; path = ../../JuceLibraryCode/include_juce_audio_plugin_client_utils.cpp; sourceTree = SOURCE_ROOT; };
		539A6B97C8C09B1011804793 /* BinaryData.h */ /* BinaryData.h */ = {isa = PBXFileReference; lastKnownFileType = sourcecode.c.h; name = BinaryData.h; path = ../../JuceLibraryCode/BinaryData.h; sourceTree = SOURCE_ROOT; };
		55D0374C7A2962400D811463 /* Foundation.framework */ /* Foundation.framework */ = {isa = PBXFileReference; lastKnownFileType = wrapper.framework; name = Foundation.framework; path = System/Library/Frameworks/Foundation.framework; sourceTree = SDKROOT; };
		58158DB8EC029CEB6B938223 /* juce_audio_utils */ /* juce_audio_utils */ = {isa = PBXFileReference; lastKnownFileType = folder; name = juce_audio_utils; path = /Applications/JUCE/modules/juce_audio_utils; sourceTree = "<absolute>"; };
		5C5F97AE5FD8D8DDDDF3ABCE /* IOKit.framework */ /* IOKit.framework */ = {isa = PBXFileReference; lastKnownFileType = wrapper.framework; name = IOKit.framework; path = System/Library/Frameworks/IOKit.framework; sourceTree = SDKROOT; };
		5D7E7A6275C236B51F555C80 /* include_juce_events.mm */ /* include_juce_events.mm */ = {isa = PBXFileReference; lastKnownFileType = sourcecode.cpp.objcpp; name = include_juce_events.mm; path = ../../JuceLibraryCode/include_juce_events.mm; sourceTree = SOURCE_ROOT; };
		5DF9B661CA761DED585D3B80 /* Scale_Wrapper.h */ /* Scale_Wrapper.h */ = {isa = PBXFileReference; lastKnownFileType = sourcecode.c.h; name = Scale_Wrapper.h; path = ../../Source/Scale_Wrapper.h; sourceTree = SOURCE_ROOT; };
		5E90A6A8473F774EC9D74B41 /* Cocoa.framework */ /* Cocoa.framework */ = {isa = PBXFileReference; lastKnownFileType = wrapper.framework; name = Cocoa.framework; path = System/Library/Frameworks/Cocoa.framework; sourceTree = SDKROOT; };
		6678008C4BB2FB9967793BA8 /* Header_Component.h */ /* Header_Component.h */ = {isa = PBXFileReference; lastKnownFileType = sourcecode.c.h; name = Header_Component.h; path = ../../Source/Header_Component.h; sourceTree = SOURCE_ROOT; };
		687A84B916A57F86832EF731 /* juce_audio_plugin_client */ /* juce_audio_plugin_client */ = {isa = PBXFileReference; lastKnownFileType = folder; name = juce_audio_plugin_client; path = /Applications/JUCE/modules/juce_audio_plugin_client; sourceTree = "<absolute>"; };
		6C9EEAE7073A0FEFDA0C9D84 /* VST3 */ = {isa = PBXFileReference; explicitFileType = wrapper.cfbundle; includeInIndex = 0; path = verbose.vst3; sourceTree = BUILT_PRODUCTS_DIR; };
		6DA730BA8B8F51205CC9A1BE /* BinaryData.cpp */ /* BinaryData.cpp */ = {isa = PBXFileReference; lastKnownFileType = sourcecode.cpp.cpp; name = BinaryData.cpp; path = ../../JuceLibraryCode/BinaryData.cpp; sourceTree = SOURCE_ROOT; };
		6E89F5790177D8BC61343126 /* include_juce_audio_plugin_client_VST_utils.mm */ /* include_juce_audio_plugin_client_VST_utils.mm */ = {isa = PBXFileReference; lastKnownFileType = sourcecode.cpp.objcpp; name = include_juce_audio_plugin_client_VST_utils.mm; path = ../../JuceLibraryCode/include_juce_audio_plugin_client_VST_utils.mm; sourceTree = SOURCE_ROOT; };
		79B6B7557DA96BD7188E7FD7 /* include_juce_audio_basics.mm */ /* include_juce_audio_basics.mm */ = {isa = PBXFileReference; lastKnownFileType = sourcecode.cpp.objcpp; name = include_juce_audio_basics.mm; path = ../../JuceLibraryCode/include_juce_audio_basics.mm; sourceTree = SOURCE_ROOT; };
		7D163D7C3B6C306263AF1BB4 /* PluginEditor.cpp */ /* PluginEditor.cpp */ = {isa = PBXFileReference; lastKnownFileType = sourcecode.cpp.cpp; name = PluginEditor.cpp; path = ../../Source/PluginEditor.cpp; sourceTree = SOURCE_ROOT; };
		802FAC7D8FB678F6B7AC499B /* include_juce_data_structures.mm */ /* include_juce_data_structures.mm */ = {isa = PBXFileReference; lastKnownFileType = sourcecode.cpp.objcpp; name = include_juce_data_structures.mm; path = ../../JuceLibraryCode/include_juce_data_structures.mm; sourceTree = SOURCE_ROOT; };
		821F5B0C51574EB3C0D570AF /* AudioToolbox.framework */ /* AudioToolbox.framework */ = {isa = PBXFileReference; lastKnownFileType = wrapper.framework; name = AudioToolbox.framework; path = System/Library/Frameworks/AudioToolbox.framework; sourceTree = SDKROOT; };
		82977773818BA1D2A7400982 /* APVTS_ParameterLayout.h */ /* APVTS_ParameterLayout.h */ = {isa = PBXFileReference; lastKnownFileType = sourcecode.c.h; name = APVTS_ParameterLayout.h; path = ../../Source/APVTS_ParameterLayout.h; sourceTree = SOURCE_ROOT; };
		840125E164B953F89F47773B /* AUv3 AppExtension */ = {isa = PBXFileReference; explicitFileType = "wrapper.app-extension"; includeInIndex = 0; path = verbose.appex; sourceTree = BUILT_PRODUCTS_DIR; };
		8667886FD3521466226EC04E /* PluginProcessor.h */ /* PluginProcessor.h */ = {isa = PBXFileReference; lastKnownFileType = sourcecode.c.h; name = PluginProcessor.h; path = ../../Source/PluginProcessor.h; sourceTree = SOURCE_ROOT; };
		951A208520D415D4C66E06A3 /* juce_audio_devices */ /* juce_audio_devices */ = {isa = PBXFileReference; lastKnownFileType = folder; name = juce_audio_devices; path = /Applications/JUCE/modules/juce_audio_devices; sourceTree = "<absolute>"; };
		9794B47D784A351AACF189C0 /* RecentFilesMenuTemplate.nib */ /* RecentFilesMenuTemplate.nib */ = {isa = PBXFileReference; lastKnownFileType = file.nib; name = RecentFilesMenuTemplate.nib; path = RecentFilesMenuTemplate.nib; sourceTree = SOURCE_ROOT; };
		97BD64B5FD7FB9063A6C0B2D /* AUv3_AppExtension.entitlements */ /* AUv3_AppExtension.entitlements */ = {isa = PBXFileReference; lastKnownFileType = text.plist.xml; name = AUv3_AppExtension.entitlements; path = AUv3_AppExtension.entitlements; sourceTree = SOURCE_ROOT; };
		9B0CD1F163048C5B6B18E15B /* juce_audio_formats */ /* juce_audio_formats */ = {isa = PBXFileReference; lastKnownFileType = folder; name = juce_audio_formats; path = /Applications/JUCE/modules/juce_audio_formats; sourceTree = "<absolute>"; };
		9B20EF807B384D4F329D163F /* Scale_Component.h */ /* Scale_Component.h */ = {isa = PBXFileReference; lastKnownFileType = sourcecode.c.h; name = Scale_Component.h; path = ../../Source/Scale_Component.h; sourceTree = SOURCE_ROOT; };
		9BED7200BB1702F420274968 /* include_juce_audio_processors_lv2_libs.cpp */ /* include_juce_audio_processors_lv2_libs.cpp */ = {isa = PBXFileReference; lastKnownFileType = sourcecode.cpp.cpp; name = include_juce_audio_processors_lv2_libs.cpp; path = ../../JuceLibraryCode/include_juce_audio_processors_lv2_libs.cpp; sourceTree = SOURCE_ROOT; };
		9CCA69DA3CC109B80F01B831 /* include_juce_audio_utils.mm */ /* include_juce_audio_utils.mm */ = {isa = PBXFileReference; lastKnownFileType = sourcecode.cpp.objcpp; name = include_juce_audio_utils.mm; path = ../../JuceLibraryCode/include_juce_audio_utils.mm; sourceTree = SOURCE_ROOT; };
		A7A9A04671335B2963231A04 /* DiscRecording.framework */ /* DiscRecording.framework */ = {isa = PBXFileReference; lastKnownFileType = wrapper.framework; name = DiscRecording.framework; path = System/Library/Frameworks/DiscRecording.framework; sourceTree = SDKROOT; };
		AA2C8B08694E500F35D5F6FE /* AudioUnit.framework */ /* AudioUnit.framework */ = {isa = PBXFileReference; lastKnownFileType = wrapper.framework; name = AudioUnit.framework; path = System/Library/Frameworks/AudioUnit.framework; sourceTree = SDKROOT; };
		AE67FB1415ADFC8E8F7964BE /* Main_Component.h */ /* Main_Component.h */ = {isa = PBXFileReference; lastKnownFileType = sourcecode.c.h; name = Main_Component.h; path = ../../Source/Main_Component.h; sourceTree = SOURCE_ROOT; };
		B26637098B40474695DA6110 /* Info-VST3.plist */ /* Info-VST3.plist */ = {isa = PBXFileReference; lastKnownFileType = text.plist.xml; name = "Info-VST3.plist"; path = "Info-VST3.plist"; sourceTree = SOURCE_ROOT; };
		B324A83DE9303D21FBEAE3A4 /* WebKit.framework */ /* WebKit.framework */ = {isa = PBXFileReference; lastKnownFileType = wrapper.framework; name = WebKit.framework; path = System/Library/Frameworks/WebKit.framework; sourceTree = SDKROOT; };
		B3B19C176FD93AF3033786C5 /* include_juce_audio_processors.mm */ /* include_juce_audio_processors.mm */ = {isa = PBXFileReference; lastKnownFileType = sourcecode.cpp.objcpp; name = include_juce_audio_processors.mm; path = ../../JuceLibraryCode/include_juce_audio_processors.mm; sourceTree = SOURCE_ROOT; };
		B3D089E9F324332DC62814B8 /* juce_audio_processors */ /* juce_audio_processors */ = {isa = PBXFileReference; lastKnownFileType = folder; name = juce_audio_processors; path = /Applications/JUCE/modules/juce_audio_processors; sourceTree = "<absolute>"; };
		B3E1A89BF1F8380DE1881A50 /* GUI_Classes.h */ /* GUI_Classes.h */ = {isa = PBXFileReference; lastKnownFileType = sourcecode.c.h; name = GUI_Classes.h; path = ../../Source/GUI_Classes.h; sourceTree = SOURCE_ROOT; };
		B715A68E2146A5C6F367E7B8 /* juce_graphics */ /* juce_graphics */ = {isa = PBXFileReference; lastKnownFileType = folder; name = juce_graphics; path = /Applications/JUCE/modules/juce_graphics; sourceTree = "<absolute>"; };
		BAD5D0FC284C01D4809CFF9B /* juce_gui_extra */ /* juce_gui_extra */ = {isa = PBXFileReference; lastKnownFileType = folder; name = juce_gui_extra; path = /Applications/JUCE/modules/juce_gui_extra; sourceTree = "<absolute>"; };
		BBC1B108083B83A92C1FC624 /* include_juce_audio_plugin_client_VST3.cpp */ /* include_juce_audio_plugin_client_VST3.cpp */ = {isa = PBXFileReference; lastKnownFileType = sourcecode.cpp.cpp; name = include_juce_audio_plugin_client_VST3.cpp; path = ../../JuceLibraryCode/include_juce_audio_plugin_client_VST3.cpp; sourceTree = SOURCE_ROOT; };
		BBD394AF148CBB10425D39B9 /* Snapshot_Wrapper.h */ /* Snapshot_Wrapper.h */ = {isa = PBXFileReference; lastKnownFileType = sourcecode.c.h; name = Snapshot_Wrapper.h; path = ../../Source/Snapshot_Wrapper.h; sourceTree = SOURCE_ROOT; };
		C7449063DC6523F6475C850E /* IncDec_Component.h */ /* IncDec_Component.h */ = {isa = PBXFileReference; lastKnownFileType = sourcecode.c.h; name = IncDec_Component.h; path = ../../Source/IncDec_Component.h; sourceTree = SOURCE_ROOT; };
		C9C008DDC538F4B4B303F4FB /* include_juce_graphics.mm */ /* include_juce_graphics.mm */ = {isa = PBXFileReference; lastKnownFileType = sourcecode.cpp.objcpp; name = include_juce_graphics.mm; path = ../../JuceLibraryCode/include_juce_graphics.mm; sourceTree = SOURCE_ROOT; };
		CAF049AD6F19504B0FABCE74 /* include_juce_audio_processors_ara.cpp */ /* include_juce_audio_processors_ara.cpp */ = {isa = PBXFileReference; lastKnownFileType = sourcecode.cpp.cpp; name = include_juce_audio_processors_ara.cpp; path = ../../JuceLibraryCode/include_juce_audio_processors_ara.cpp; sourceTree = SOURCE_ROOT; };
		D33BD1D289F07E1464CC7ACF /* juce_audio_basics */ /* juce_audio_basics */ = {isa = PBXFileReference; lastKnownFileType = folder; name = juce_audio_basics; path = /Applications/JUCE/modules/juce_audio_basics; sourceTree = "<absolute>"; };
		D49C5F7C39D03B5515B8326E /* juce_events */ /* juce_events */ = {isa = PBXFileReference; lastKnownFileType = folder; name = juce_events; path = /Applications/JUCE/modules/juce_events; sourceTree = "<absolute>"; };
		D4F6401C69D2EE108C75D934 /* include_juce_audio_plugin_client_AUv3.mm */ /* include_juce_audio_plugin_client_AUv3.mm */ = {isa = PBXFileReference; lastKnownFileType = sourcecode.cpp.objcpp; name = include_juce_audio_plugin_client_AUv3.mm; path = ../../JuceLibraryCode/include_juce_audio_plugin_client_AUv3.mm; sourceTree = SOURCE_ROOT; };
		D9F99FDED5C1577A3FF26F80 /* Accelerate.framework */ /* Accelerate.framework */ = {isa = PBXFileReference; lastKnownFileType = wrapper.framework; name = Accelerate.framework; path = System/Library/Frameworks/Accelerate.framework; sourceTree = SDKROOT; };
		DB18B0B8EB37A591A3E0FDA0 /* juce_gui_basics */ /* juce_gui_basics */ = {isa = PBXFileReference; lastKnownFileType = folder; name = juce_gui_basics; path = /Applications/JUCE/modules/juce_gui_basics; sourceTree = "<absolute>"; };
		DBABBAEA81D5176C88D32F63 /* include_juce_audio_devices.mm */ /* include_juce_audio_devices.mm */ = {isa = PBXFileReference; lastKnownFileType = sourcecode.cpp.objcpp; name = include_juce_audio_devices.mm; path = ../../JuceLibraryCode/include_juce_audio_devices.mm; sourceTree = SOURCE_ROOT; };
		DE408DCA7F6779F46B9F3B6E /* PluginEditor.h */ /* PluginEditor.h */ = {isa = PBXFileReference; lastKnownFileType = sourcecode.c.h; name = PluginEditor.h; path = ../../Source/PluginEditor.h; sourceTree = SOURCE_ROOT; };
		E30DECB0D997C12427FED10D /* APVTS_Constants.h */ /* APVTS_Constants.h */ = {isa = PBXFileReference; lastKnownFileType = sourcecode.c.h; name = APVTS_Constants.h; path = ../../Source/APVTS_Constants.h; sourceTree = SOURCE_ROOT; };
		E6B6B2FF7614FBF3C3EB2EFA /* CoreAudioKit.framework */ /* CoreAudioKit.framework */ = {isa = PBXFileReference; lastKnownFileType = wrapper.framework; name = CoreAudioKit.framework; path = System/Library/Frameworks/CoreAudioKit.framework; sourceTree = SDKROOT; };
		EA32BC00B2C75A3A561A72B4 /* JuceHeader.h */ /* JuceHeader.h */ = {isa = PBXFileReference; lastKnownFileType = sourcecode.c.h; name = JuceHeader.h; path = ../../JuceLibraryCode/JuceHeader.h; sourceTree = SOURCE_ROOT; };
		FDB7C12A09172654BDBDAE74 /* juce_data_structures */ /* juce_data_structures */ = {isa = PBXFileReference; lastKnownFileType = folder; name = juce_data_structures; path = /Applications/JUCE/modules/juce_data_structures; sourceTree = "<absolute>"; };
/* End PBXFileReference section */

/* Begin PBXFrameworksBuildPhase section */
		7283DE1CFCF6233B33188873 = {
			isa = PBXFrameworksBuildPhase;
			buildActionMask = 2147483647;
			files = (
				9FE7E75146FA94E808023960,
				C8D92B147873DAD68AAA31EF,
				D8356398143126778006CC99,
				D26C7610D74090CEC3EFE22D,
				2FFB99D0B35F2F9D90302035,
				C539A22349596C7D96F343E3,
				A9728BFF6C07B390312BF712,
				4DA85F165B8DBD1F9206BB78,
				1EDB6BE849D35BAC51F3BE44,
				5D405680C29083C099B63909,
				C9DEF95195EEA69D27492F39,
			);
			runOnlyForDeploymentPostprocessing = 0;
		};
		856422BA248527AF749BD157 = {
			isa = PBXFrameworksBuildPhase;
			buildActionMask = 2147483647;
			files = (
				1B1423C1C0DB00565A93CCF8,
				9FE7E75146FA94E808023960,
				C8D92B147873DAD68AAA31EF,
				AAC2A48DC04E1B5D983A5278,
				D8356398143126778006CC99,
				D26C7610D74090CEC3EFE22D,
				2FFB99D0B35F2F9D90302035,
				C539A22349596C7D96F343E3,
				A9728BFF6C07B390312BF712,
				4DA85F165B8DBD1F9206BB78,
				1EDB6BE849D35BAC51F3BE44,
				5D405680C29083C099B63909,
				C9DEF95195EEA69D27492F39,
			);
			runOnlyForDeploymentPostprocessing = 0;
		};
/* End PBXFrameworksBuildPhase section */

/* Begin PBXGroup section */
		04EA192EC970670928CD1841 /* Frameworks */ = {
			isa = PBXGroup;
			children = (
				AA2C8B08694E500F35D5F6FE,
				D9F99FDED5C1577A3FF26F80,
				821F5B0C51574EB3C0D570AF,
				4276EB1DF5C7B14F49B4F210,
				5E90A6A8473F774EC9D74B41,
				10B84DDE04502DAF2DDAD3B9,
				E6B6B2FF7614FBF3C3EB2EFA,
				0D5E544EDAA779976FC05967,
				A7A9A04671335B2963231A04,
				55D0374C7A2962400D811463,
				5C5F97AE5FD8D8DDDDF3ABCE,
				1E101C79DED54F01C8DE505A,
				B324A83DE9303D21FBEAE3A4,
			);
			name = Frameworks;
			sourceTree = "<group>";
		};
		19F0BD2DEA857C53B0FE59E8 /* Products */ = {
			isa = PBXGroup;
			children = (
				6C9EEAE7073A0FEFDA0C9D84,
				840125E164B953F89F47773B,
				046EF52550AC64F08C5D1167,
			);
			name = Products;
			sourceTree = "<group>";
		};
		3359D09E81F17671E7405E64 /* JUCE Modules */ = {
			isa = PBXGroup;
			children = (
				D33BD1D289F07E1464CC7ACF,
				951A208520D415D4C66E06A3,
				9B0CD1F163048C5B6B18E15B,
				687A84B916A57F86832EF731,
				B3D089E9F324332DC62814B8,
				58158DB8EC029CEB6B938223,
				340B61ADC596B4721AE0BABF,
				FDB7C12A09172654BDBDAE74,
				D49C5F7C39D03B5515B8326E,
				B715A68E2146A5C6F367E7B8,
				DB18B0B8EB37A591A3E0FDA0,
				BAD5D0FC284C01D4809CFF9B,
			);
			name = "JUCE Modules";
			sourceTree = "<group>";
		};
		39A1EA122F47F1E953010792 /* Resources */ = {
			isa = PBXGroup;
			children = (
				319CB7AA31258BB43F6FE394,
			);
			name = Resources;
			sourceTree = "<group>";
		};
		507094C5EFDF16CD95513745 /* APVTS */ = {
			isa = PBXGroup;
			children = (
				82977773818BA1D2A7400982,
				E30DECB0D997C12427FED10D,
			);
			name = APVTS;
			sourceTree = "<group>";
		};
		5AF2ABBE971FC1B31EDFC90D /* Source */ = {
			isa = PBXGroup;
			children = (
				8EEC6A4B6E0EE9734CFA3F6A,
				507094C5EFDF16CD95513745,
				6B3DF3AD60CE3C7C340702D6,
				01DBFE743BD0237931B401C6,
				8667886FD3521466226EC04E,
				7D163D7C3B6C306263AF1BB4,
				DE408DCA7F6779F46B9F3B6E,
			);
			name = Source;
			sourceTree = "<group>";
		};
		6B3DF3AD60CE3C7C340702D6 /* Components */ = {
			isa = PBXGroup;
			children = (
				BBD394AF148CBB10425D39B9,
				5DF9B661CA761DED585D3B80,
				6678008C4BB2FB9967793BA8,
				AE67FB1415ADFC8E8F7964BE,
				9B20EF807B384D4F329D163F,
				4338DBE4FB17853F91141132,
				C7449063DC6523F6475C850E,
				0110025DF1C63B26689F5CA2,
			);
			name = Components;
			sourceTree = "<group>";
		};
		79775205B8CD3A179DF21EA8 /* verbose */ = {
			isa = PBXGroup;
			children = (
				39A1EA122F47F1E953010792,
				5AF2ABBE971FC1B31EDFC90D,
			);
			name = verbose;
			sourceTree = "<group>";
		};
		885BC26784FF426F2F56131D /* Resources */ = {
			isa = PBXGroup;
			children = (
				B26637098B40474695DA6110,
				3F9BE6788847973A34A40DD0,
				9794B47D784A351AACF189C0,
			);
			name = Resources;
			sourceTree = "<group>";
		};
		8EEC6A4B6E0EE9734CFA3F6A /* Styles */ = {
			isa = PBXGroup;
			children = (
				3F984621D66096914559DCEF,
				B3E1A89BF1F8380DE1881A50,
				3D06C3C8DEA36C5BAEF16A8C,
			);
			name = Styles;
			sourceTree = "<group>";
		};
		AC149405F0520833C6D2A92C /* JUCE Library Code */ = {
			isa = PBXGroup;
			children = (
				6DA730BA8B8F51205CC9A1BE,
				539A6B97C8C09B1011804793,
				79B6B7557DA96BD7188E7FD7,
				DBABBAEA81D5176C88D32F63,
				061F8BE9E5978B6FDA923C48,
				04D7A37380DD307BD494FE69,
				D4F6401C69D2EE108C75D934,
				51CA46849A09016648B39372,
				6E89F5790177D8BC61343126,
				BBC1B108083B83A92C1FC624,
				B3B19C176FD93AF3033786C5,
				CAF049AD6F19504B0FABCE74,
				9BED7200BB1702F420274968,
				9CCA69DA3CC109B80F01B831,
				3863F459326FD844593B35D1,
				802FAC7D8FB678F6B7AC499B,
				5D7E7A6275C236B51F555C80,
				C9C008DDC538F4B4B303F4FB,
				37CAEC0D7C7FA2C2A880AEE3,
				1FAB4E423F1E21CA47CC4198,
				EA32BC00B2C75A3A561A72B4,
				25783737EB06C96EB875D9D8,
			);
			name = "JUCE Library Code";
			sourceTree = "<group>";
		};
		CA7DD23273527C1BAC0FD0EF /* Source */ = {
			isa = PBXGroup;
			children = (
				79775205B8CD3A179DF21EA8,
				3359D09E81F17671E7405E64,
				AC149405F0520833C6D2A92C,
				885BC26784FF426F2F56131D,
				04EA192EC970670928CD1841,
				19F0BD2DEA857C53B0FE59E8,
			);
			name = Source;
			sourceTree = "<group>";
		};
/* End PBXGroup section */

/* Begin PBXNativeTarget section */
		0AECAF1E21A870C804B3E464 /* verbose - AUv3 AppExtension */ = {
			isa = PBXNativeTarget;
			buildConfigurationList = EE42AFBC95B493068389B029;
			buildPhases = (
				8946349466D15D97B106544A,
				EB52284F2C000222C3B078F3,
				856422BA248527AF749BD157,
			);
			buildRules = (
			);
			dependencies = (
				5C6D0EA7248186B2720E16C4,
			);
			name = "verbose - AUv3 AppExtension";
			productName = verbose;
			productReference = 840125E164B953F89F47773B;
			productType = "com.apple.product-type.app-extension";
		};
		0DBABAFA725009FF05C63585 /* verbose - VST3 */ = {
			isa = PBXNativeTarget;
			buildConfigurationList = BCFC326C5ED864EB0F997F7A;
			buildPhases = (
				CE92A275941DA347157E414A,
				D078B0E8E307035D623AE5DF,
				7283DE1CFCF6233B33188873,
			);
			buildRules = (
			);
			dependencies = (
				5CF35B7FAA05439DC7CADC8F,
			);
			name = "verbose - VST3";
			productName = verbose;
			productReference = 6C9EEAE7073A0FEFDA0C9D84;
			productType = "com.apple.product-type.bundle";
		};
		CB2FDE6DC8E4272EF30978CC /* verbose - Shared Code */ = {
			isa = PBXNativeTarget;
			buildConfigurationList = C9BA6FCFB9329C1598328AC9;
			buildPhases = (
				FB7289B2B4EECE355381F9D3,
			);
			buildRules = (
			);
			dependencies = (
			);
			name = "verbose - Shared Code";
			productName = verbose;
			productReference = 046EF52550AC64F08C5D1167;
			productType = "com.apple.product-type.library.static";
		};
/* End PBXNativeTarget section */

/* Begin PBXProject section */
		5217F0875F5664A8FF4E6CC1 = {
			isa = PBXProject;
			attributes = {
				LastUpgradeCheck = 1340;
				ORGANIZATIONNAME = "";
				TargetAttributes = {
					0AECAF1E21A870C804B3E464 = {
						SystemCapabilities = {
							com.apple.ApplicationGroups.iOS = {
								enabled = 0;
							};
							com.apple.HardenedRuntime = {
								enabled = 0;
							};
							com.apple.InAppPurchase = {
								enabled = 0;
							};
							com.apple.InterAppAudio = {
								enabled = 0;
							};
							com.apple.Push = {
								enabled = 0;
							};
							com.apple.Sandbox = {
								enabled = 1;
							};
						};
					};
					0DBABAFA725009FF05C63585 = {
						SystemCapabilities = {
							com.apple.ApplicationGroups.iOS = {
								enabled = 0;
							};
							com.apple.HardenedRuntime = {
								enabled = 0;
							};
							com.apple.InAppPurchase = {
								enabled = 0;
							};
							com.apple.InterAppAudio = {
								enabled = 0;
							};
							com.apple.Push = {
								enabled = 0;
							};
							com.apple.Sandbox = {
								enabled = 0;
							};
						};
					};
					4899D6862276BE4CEA6A2F68 = {
						SystemCapabilities = {
							com.apple.ApplicationGroups.iOS = {
								enabled = 0;
							};
							com.apple.HardenedRuntime = {
								enabled = 0;
							};
							com.apple.InAppPurchase = {
								enabled = 0;
							};
							com.apple.InterAppAudio = {
								enabled = 0;
							};
							com.apple.Push = {
								enabled = 0;
							};
							com.apple.Sandbox = {
								enabled = 0;
							};
						};
					};
					CB2FDE6DC8E4272EF30978CC = {
						SystemCapabilities = {
							com.apple.ApplicationGroups.iOS = {
								enabled = 0;
							};
							com.apple.HardenedRuntime = {
								enabled = 0;
							};
							com.apple.InAppPurchase = {
								enabled = 0;
							};
							com.apple.InterAppAudio = {
								enabled = 0;
							};
							com.apple.Push = {
								enabled = 0;
							};
							com.apple.Sandbox = {
								enabled = 0;
							};
						};
					};
				};
			};
			buildConfigurationList = 338019EF8713E011150C05F3;
			compatibilityVersion = "Xcode 3.2";
			hasScannedForEncodings = 0;
			knownRegions = (
				en,
				Base,
			);
			mainGroup = CA7DD23273527C1BAC0FD0EF;
			projectDirPath = "";
			projectRoot = "";
			targets = (
				4899D6862276BE4CEA6A2F68,
				0DBABAFA725009FF05C63585,
				0AECAF1E21A870C804B3E464,
				CB2FDE6DC8E4272EF30978CC,
			);
		};
/* End PBXProject section */

/* Begin PBXResourcesBuildPhase section */
		8946349466D15D97B106544A = {
			isa = PBXResourcesBuildPhase;
			buildActionMask = 2147483647;
			files = (
				B7BEFFBAD2E73530AC929B28,
			);
			runOnlyForDeploymentPostprocessing = 0;
		};
		CE92A275941DA347157E414A = {
			isa = PBXResourcesBuildPhase;
			buildActionMask = 2147483647;
			files = (
				B7BEFFBAD2E73530AC929B28,
			);
			runOnlyForDeploymentPostprocessing = 0;
		};
/* End PBXResourcesBuildPhase section */

/* Begin PBXSourcesBuildPhase section */
		D078B0E8E307035D623AE5DF = {
			isa = PBXSourcesBuildPhase;
			buildActionMask = 2147483647;
			files = (
				C3478DCFE95927FF543DAAD1,
			);
			runOnlyForDeploymentPostprocessing = 0;
		};
		EB52284F2C000222C3B078F3 = {
			isa = PBXSourcesBuildPhase;
			buildActionMask = 2147483647;
			files = (
				0956C830A714E94E981ED601,
			);
			runOnlyForDeploymentPostprocessing = 0;
		};
		FB7289B2B4EECE355381F9D3 = {
			isa = PBXSourcesBuildPhase;
			buildActionMask = 2147483647;
			files = (
				EFF46A66064E2A9E2AEAAD19,
				2895976B98DE53071571F931,
				4E8EBB229903F57A4D8511DC,
				C1F8E9B0C3ECBB7C64EE2ECA,
				2004D5E0C51CD736A84F76F5,
				1111220706733F5935DE560F,
				4BEB29901816A64CBA795E3F,
				B28625D6C926C821B172CC4C,
				FE9AD6D2F38D326F377184EA,
				8EE8354F0D8BBD11DAB210DD,
				07330EC2B9CE5EDFD177F0F4,
				11DC94D12D2EBA0B4448B4AC,
				77E3178DE8944AB4136CA73E,
				B9111736D33D7C86D6DB0DDF,
				BB9C5E7B406AC42E4B166C80,
				7212C5EB3781A35BF945ADC1,
				0FC9A0B67C180F27F43A23CB,
				F198E0C16A8F3D5074C4A2AC,
				CBCBE6CE4886C10DB46A6AD0,
			);
			runOnlyForDeploymentPostprocessing = 0;
		};
/* End PBXSourcesBuildPhase section */

/* Begin PBXTargetDependency section */
		1ACA21E82011C4970527B579 = {
			isa = PBXTargetDependency;
			target = CB2FDE6DC8E4272EF30978CC;
		};
		5C6D0EA7248186B2720E16C4 = {
			isa = PBXTargetDependency;
			target = CB2FDE6DC8E4272EF30978CC;
		};
		5CF35B7FAA05439DC7CADC8F = {
			isa = PBXTargetDependency;
			target = CB2FDE6DC8E4272EF30978CC;
		};
		7083208453C8E87E97FBA138 = {
			isa = PBXTargetDependency;
			target = 0AECAF1E21A870C804B3E464;
		};
		C78572B5ECA7D601275EAF50 = {
			isa = PBXTargetDependency;
			target = 0DBABAFA725009FF05C63585;
		};
/* End PBXTargetDependency section */

/* Begin XCBuildConfiguration section */
		1C852BDF194367AF02DC869B /* Debug */ = {
			isa = XCBuildConfiguration;
			buildSettings = {
				CLANG_CXX_LANGUAGE_STANDARD = "c++14";
				CLANG_CXX_LIBRARY = "libc++";
				CLANG_LINK_OBJC_RUNTIME = NO;
				CODE_SIGN_IDENTITY = "";
				COMBINE_HIDPI_IMAGES = YES;
				CONFIGURATION_BUILD_DIR = "$(PROJECT_DIR)/build/$(CONFIGURATION)";
				COPY_PHASE_STRIP = NO;
				DEPLOYMENT_LOCATION = YES;
				DSTROOT = /;
				EXCLUDED_ARCHS = "";
				GCC_DYNAMIC_NO_PIC = NO;
				GCC_OPTIMIZATION_LEVEL = 0;
				GCC_PREPROCESSOR_DEFINITIONS = (
					"_DEBUG=1",
					"DEBUG=1",
					"JUCE_DISPLAY_SPLASH_SCREEN=1",
					"JUCE_USE_DARK_SPLASH_SCREEN=1",
					"JUCE_PROJUCER_VERSION=0x70002",
					"JUCE_MODULE_AVAILABLE_juce_audio_basics=1",
					"JUCE_MODULE_AVAILABLE_juce_audio_devices=1",
					"JUCE_MODULE_AVAILABLE_juce_audio_formats=1",
					"JUCE_MODULE_AVAILABLE_juce_audio_plugin_client=1",
					"JUCE_MODULE_AVAILABLE_juce_audio_processors=1",
					"JUCE_MODULE_AVAILABLE_juce_audio_utils=1",
					"JUCE_MODULE_AVAILABLE_juce_core=1",
					"JUCE_MODULE_AVAILABLE_juce_data_structures=1",
					"JUCE_MODULE_AVAILABLE_juce_events=1",
					"JUCE_MODULE_AVAILABLE_juce_graphics=1",
					"JUCE_MODULE_AVAILABLE_juce_gui_basics=1",
					"JUCE_MODULE_AVAILABLE_juce_gui_extra=1",
					"JUCE_GLOBAL_MODULE_SETTINGS_INCLUDED=1",
					"JUCE_VST3_CAN_REPLACE_VST2=0",
					"JUCE_STRICT_REFCOUNTEDPOINTER=1",
					"JucePlugin_Build_VST=0",
					"JucePlugin_Build_VST3=1",
					"JucePlugin_Build_AU=0",
					"JucePlugin_Build_AUv3=0",
					"JucePlugin_Build_AAX=0",
					"JucePlugin_Build_Standalone=0",
					"JucePlugin_Build_Unity=0",
					"JucePlugin_Build_LV2=0",
					"JucePlugin_Enable_IAA=0",
					"JucePlugin_Enable_ARA=0",
					"JucePlugin_Name=\\\"verbose\\\"",
					"JucePlugin_Desc=\\\"verbose\\\"",
					"JucePlugin_Manufacturer=\\\"yourcompany\\\"",
					"JucePlugin_ManufacturerWebsite=\\\"www.yourcompany.com\\\"",
					"JucePlugin_ManufacturerEmail=\\\"\\\"",
					"JucePlugin_ManufacturerCode=0x4d616e75",
					"JucePlugin_PluginCode=0x4a6c7169",
					"JucePlugin_IsSynth=0",
					"JucePlugin_WantsMidiInput=0",
					"JucePlugin_ProducesMidiOutput=0",
					"JucePlugin_IsMidiEffect=0",
					"JucePlugin_EditorRequiresKeyboardFocus=0",
					"JucePlugin_Version=1.0.0",
					"JucePlugin_VersionCode=0x10000",
					"JucePlugin_VersionString=\\\"1.0.0\\\"",
					"JucePlugin_VSTUniqueID=JucePlugin_PluginCode",
					"JucePlugin_VSTCategory=kPlugCategEffect",
					"JucePlugin_Vst3Category=\\\"Fx\\\"",
					"JucePlugin_AUMainType=\\'aufx\\'",
					"JucePlugin_AUSubType=JucePlugin_PluginCode",
					"JucePlugin_AUExportPrefix=verboseAU",
					"JucePlugin_AUExportPrefixQuoted=\\\"verboseAU\\\"",
					"JucePlugin_AUManufacturerCode=JucePlugin_ManufacturerCode",
					"JucePlugin_CFBundleIdentifier=com.yourcompany.verbose",
					"JucePlugin_AAXIdentifier=com.yourcompany.verbose",
					"JucePlugin_AAXManufacturerCode=JucePlugin_ManufacturerCode",
					"JucePlugin_AAXProductId=JucePlugin_PluginCode",
					"JucePlugin_AAXCategory=0",
					"JucePlugin_AAXDisableBypass=0",
					"JucePlugin_AAXDisableMultiMono=0",
					"JucePlugin_IAAType=0x61757278",
					"JucePlugin_IAASubType=JucePlugin_PluginCode",
					"JucePlugin_IAAName=\\\"yourcompany:\\ verbose\\\"",
					"JucePlugin_VSTNumMidiInputs=16",
					"JucePlugin_VSTNumMidiOutputs=16",
					"JucePlugin_ARAContentTypes=0",
					"JucePlugin_ARATransformationFlags=0",
					"JucePlugin_ARAFactoryID=\\\"com.yourcompany.verbose.factory\\\"",
					"JucePlugin_ARADocumentArchiveID=\\\"com.yourcompany.verbose.aradocumentarchive.1.0.0\\\"",
					"JucePlugin_ARACompatibleArchiveIDs=\\\"\\\"",
					"JUCE_STANDALONE_APPLICATION=JucePlugin_Build_Standalone",
					"JUCER_XCODE_MAC_F6D2F4CF=1",
					"JUCE_APP_VERSION=1.0.0",
					"JUCE_APP_VERSION_HEX=0x10000",
				);
				GCC_VERSION = com.apple.compilers.llvm.clang.1_0;
				GENERATE_PKGINFO_FILE = YES;
				HEADER_SEARCH_PATHS = (
					"/Applications/JUCE/modules/juce_audio_processors/format_types/VST3_SDK",
					"$(SRCROOT)/../../JuceLibraryCode",
					"/Applications/JUCE/modules",
					"/Applications/JUCE/modules/juce_audio_plugin_client",
					"$(inherited)",
				);
				INFOPLIST_FILE = Info-VST3.plist;
				INFOPLIST_PREPROCESS = NO;
				INSTALL_PATH = "$(HOME)/Library/Audio/Plug-Ins/VST3/";
				LIBRARY_STYLE = Bundle;
				MACOSX_DEPLOYMENT_TARGET = 10.11;
				MTL_HEADER_SEARCH_PATHS = "/Applications/JUCE/modules/juce_audio_processors/format_types/VST3_SDK $(SRCROOT)/../../JuceLibraryCode /Applications/JUCE/modules /Applications/JUCE/modules/juce_audio_plugin_client";
				OTHER_LDFLAGS = "-bundle -lverbose -weak_framework Metal -weak_framework MetalKit";
				PRODUCT_BUNDLE_IDENTIFIER = com.yourcompany.verbose;
				PRODUCT_NAME = "verbose";
				USE_HEADERMAP = NO;
				VALID_ARCHS = "i386 x86_64 arm64 arm64e";
				WRAPPER_EXTENSION = vst3;
			};
			name = Debug;
		};
		205022F4F265A7B41D16CA10 /* Release */ = {
			isa = XCBuildConfiguration;
			buildSettings = {
				ALWAYS_SEARCH_USER_PATHS = NO;
				CLANG_ENABLE_OBJC_WEAK = YES;
				CLANG_WARN_BLOCK_CAPTURE_AUTORELEASING = YES;
				CLANG_WARN_BOOL_CONVERSION = YES;
				CLANG_WARN_COMMA = YES;
				CLANG_WARN_CONSTANT_CONVERSION = YES;
				CLANG_WARN_DEPRECATED_OBJC_IMPLEMENTATIONS = YES;
				CLANG_WARN_EMPTY_BODY = YES;
				CLANG_WARN_ENUM_CONVERSION = YES;
				CLANG_WARN_INFINITE_RECURSION = YES;
				CLANG_WARN_INT_CONVERSION = YES;
				CLANG_WARN_NON_LITERAL_NULL_CONVERSION = YES;
				CLANG_WARN_OBJC_IMPLICIT_RETAIN_SELF = YES;
				CLANG_WARN_OBJC_LITERAL_CONVERSION = YES;
				CLANG_WARN_RANGE_LOOP_ANALYSIS = YES;
				CLANG_WARN_STRICT_PROTOTYPES = YES;
				CLANG_WARN_SUSPICIOUS_MOVE = YES;
				CLANG_WARN_UNREACHABLE_CODE = YES;
				CLANG_WARN__DUPLICATE_METHOD_MATCH = YES;
				CODE_SIGN_IDENTITY = "";
				DEBUG_INFORMATION_FORMAT = dwarf;
				ENABLE_STRICT_OBJC_MSGSEND = YES;
				ENABLE_TESTABILITY = NO;
				GCC_C_LANGUAGE_STANDARD = c11;
				GCC_INLINES_ARE_PRIVATE_EXTERN = YES;
				GCC_MODEL_TUNING = G5;
				GCC_NO_COMMON_BLOCKS = YES;
				GCC_SYMBOLS_PRIVATE_EXTERN = YES;
				GCC_WARN_64_TO_32_BIT_CONVERSION = YES;
				GCC_WARN_ABOUT_RETURN_TYPE = YES;
				GCC_WARN_CHECK_SWITCH_STATEMENTS = YES;
				GCC_WARN_MISSING_PARENTHESES = YES;
				GCC_WARN_NON_VIRTUAL_DESTRUCTOR = YES;
				GCC_WARN_TYPECHECK_CALLS_TO_PRINTF = YES;
				GCC_WARN_UNDECLARED_SELECTOR = YES;
				GCC_WARN_UNINITIALIZED_AUTOS = YES;
				GCC_WARN_UNUSED_FUNCTION = YES;
				GCC_WARN_UNUSED_VARIABLE = YES;
				PRODUCT_NAME = "verbose";
				SDKROOT = macosx;
				WARNING_CFLAGS = "-Wreorder";
				ZERO_LINK = NO;
			};
			name = Release;
		};
		40888D162E55C98A970CC98E /* Release */ = {
			isa = XCBuildConfiguration;
			buildSettings = {
				CLANG_CXX_LANGUAGE_STANDARD = "c++14";
				CLANG_CXX_LIBRARY = "libc++";
				CLANG_LINK_OBJC_RUNTIME = NO;
				CODE_SIGN_IDENTITY = "";
				COMBINE_HIDPI_IMAGES = YES;
				CONFIGURATION_BUILD_DIR = "$(PROJECT_DIR)/build/$(CONFIGURATION)";
				DEAD_CODE_STRIPPING = YES;
				DEPLOYMENT_LOCATION = YES;
				DSTROOT = /;
				EXCLUDED_ARCHS = "";
				GCC_GENERATE_DEBUGGING_SYMBOLS = NO;
				GCC_OPTIMIZATION_LEVEL = 3;
				GCC_PREPROCESSOR_DEFINITIONS = (
					"_NDEBUG=1",
					"NDEBUG=1",
					"JUCE_DISPLAY_SPLASH_SCREEN=1",
					"JUCE_USE_DARK_SPLASH_SCREEN=1",
					"JUCE_PROJUCER_VERSION=0x70002",
					"JUCE_MODULE_AVAILABLE_juce_audio_basics=1",
					"JUCE_MODULE_AVAILABLE_juce_audio_devices=1",
					"JUCE_MODULE_AVAILABLE_juce_audio_formats=1",
					"JUCE_MODULE_AVAILABLE_juce_audio_plugin_client=1",
					"JUCE_MODULE_AVAILABLE_juce_audio_processors=1",
					"JUCE_MODULE_AVAILABLE_juce_audio_utils=1",
					"JUCE_MODULE_AVAILABLE_juce_core=1",
					"JUCE_MODULE_AVAILABLE_juce_data_structures=1",
					"JUCE_MODULE_AVAILABLE_juce_events=1",
					"JUCE_MODULE_AVAILABLE_juce_graphics=1",
					"JUCE_MODULE_AVAILABLE_juce_gui_basics=1",
					"JUCE_MODULE_AVAILABLE_juce_gui_extra=1",
					"JUCE_GLOBAL_MODULE_SETTINGS_INCLUDED=1",
					"JUCE_VST3_CAN_REPLACE_VST2=0",
					"JUCE_STRICT_REFCOUNTEDPOINTER=1",
					"JucePlugin_Build_VST=0",
					"JucePlugin_Build_VST3=1",
					"JucePlugin_Build_AU=0",
					"JucePlugin_Build_AUv3=0",
					"JucePlugin_Build_AAX=0",
					"JucePlugin_Build_Standalone=0",
					"JucePlugin_Build_Unity=0",
					"JucePlugin_Build_LV2=0",
					"JucePlugin_Enable_IAA=0",
					"JucePlugin_Enable_ARA=0",
					"JucePlugin_Name=\\\"verbose\\\"",
					"JucePlugin_Desc=\\\"verbose\\\"",
					"JucePlugin_Manufacturer=\\\"yourcompany\\\"",
					"JucePlugin_ManufacturerWebsite=\\\"www.yourcompany.com\\\"",
					"JucePlugin_ManufacturerEmail=\\\"\\\"",
					"JucePlugin_ManufacturerCode=0x4d616e75",
					"JucePlugin_PluginCode=0x4a6c7169",
					"JucePlugin_IsSynth=0",
					"JucePlugin_WantsMidiInput=0",
					"JucePlugin_ProducesMidiOutput=0",
					"JucePlugin_IsMidiEffect=0",
					"JucePlugin_EditorRequiresKeyboardFocus=0",
					"JucePlugin_Version=1.0.0",
					"JucePlugin_VersionCode=0x10000",
					"JucePlugin_VersionString=\\\"1.0.0\\\"",
					"JucePlugin_VSTUniqueID=JucePlugin_PluginCode",
					"JucePlugin_VSTCategory=kPlugCategEffect",
					"JucePlugin_Vst3Category=\\\"Fx\\\"",
					"JucePlugin_AUMainType=\\'aufx\\'",
					"JucePlugin_AUSubType=JucePlugin_PluginCode",
					"JucePlugin_AUExportPrefix=verboseAU",
					"JucePlugin_AUExportPrefixQuoted=\\\"verboseAU\\\"",
					"JucePlugin_AUManufacturerCode=JucePlugin_ManufacturerCode",
					"JucePlugin_CFBundleIdentifier=com.yourcompany.verbose",
					"JucePlugin_AAXIdentifier=com.yourcompany.verbose",
					"JucePlugin_AAXManufacturerCode=JucePlugin_ManufacturerCode",
					"JucePlugin_AAXProductId=JucePlugin_PluginCode",
					"JucePlugin_AAXCategory=0",
					"JucePlugin_AAXDisableBypass=0",
					"JucePlugin_AAXDisableMultiMono=0",
					"JucePlugin_IAAType=0x61757278",
					"JucePlugin_IAASubType=JucePlugin_PluginCode",
					"JucePlugin_IAAName=\\\"yourcompany:\\ verbose\\\"",
					"JucePlugin_VSTNumMidiInputs=16",
					"JucePlugin_VSTNumMidiOutputs=16",
					"JucePlugin_ARAContentTypes=0",
					"JucePlugin_ARATransformationFlags=0",
					"JucePlugin_ARAFactoryID=\\\"com.yourcompany.verbose.factory\\\"",
					"JucePlugin_ARADocumentArchiveID=\\\"com.yourcompany.verbose.aradocumentarchive.1.0.0\\\"",
					"JucePlugin_ARACompatibleArchiveIDs=\\\"\\\"",
					"JUCE_STANDALONE_APPLICATION=JucePlugin_Build_Standalone",
					"JUCER_XCODE_MAC_F6D2F4CF=1",
					"JUCE_APP_VERSION=1.0.0",
					"JUCE_APP_VERSION_HEX=0x10000",
				);
				GCC_VERSION = com.apple.compilers.llvm.clang.1_0;
				GENERATE_PKGINFO_FILE = YES;
				HEADER_SEARCH_PATHS = (
					"/Applications/JUCE/modules/juce_audio_processors/format_types/VST3_SDK",
					"$(SRCROOT)/../../JuceLibraryCode",
					"/Applications/JUCE/modules",
					"/Applications/JUCE/modules/juce_audio_plugin_client",
					"$(inherited)",
				);
				INFOPLIST_FILE = Info-VST3.plist;
				INFOPLIST_PREPROCESS = NO;
				INSTALL_PATH = "$(HOME)/Library/Audio/Plug-Ins/VST3/";
				LIBRARY_STYLE = Bundle;
				LLVM_LTO = YES;
				MACOSX_DEPLOYMENT_TARGET = 10.11;
				MTL_HEADER_SEARCH_PATHS = "/Applications/JUCE/modules/juce_audio_processors/format_types/VST3_SDK $(SRCROOT)/../../JuceLibraryCode /Applications/JUCE/modules /Applications/JUCE/modules/juce_audio_plugin_client";
				OTHER_LDFLAGS = "-bundle -lverbose -weak_framework Metal -weak_framework MetalKit";
				PRODUCT_BUNDLE_IDENTIFIER = com.yourcompany.verbose;
				PRODUCT_NAME = "verbose";
				USE_HEADERMAP = NO;
				VALID_ARCHS = "i386 x86_64 arm64 arm64e";
				WRAPPER_EXTENSION = vst3;
			};
			name = Release;
		};
		40B56E0470689B0E6A5BD203 /* Release */ = {
			isa = XCBuildConfiguration;
			buildSettings = {
				MACOSX_DEPLOYMENT_TARGET = 10.11;
				SDKROOT = macosx;
			};
			name = Release;
		};
		8AB5FE8F39F10D6DF0A04DCE /* Release */ = {
			isa = XCBuildConfiguration;
			buildSettings = {
				ARCHS = "$(ARCHS_STANDARD_64_BIT)";
				CLANG_CXX_LANGUAGE_STANDARD = "c++14";
				CLANG_CXX_LIBRARY = "libc++";
				CLANG_LINK_OBJC_RUNTIME = NO;
				CODE_SIGN_ENTITLEMENTS = "AUv3_AppExtension.entitlements";
				CODE_SIGN_IDENTITY = "";
				COMBINE_HIDPI_IMAGES = YES;
				CONFIGURATION_BUILD_DIR = "$(PROJECT_DIR)/build/$(CONFIGURATION)";
				DEAD_CODE_STRIPPING = YES;
				EXCLUDED_ARCHS = "";
				GCC_GENERATE_DEBUGGING_SYMBOLS = NO;
				GCC_OPTIMIZATION_LEVEL = 3;
				GCC_PREPROCESSOR_DEFINITIONS = (
					"_NDEBUG=1",
					"NDEBUG=1",
					"JUCE_DISPLAY_SPLASH_SCREEN=1",
					"JUCE_USE_DARK_SPLASH_SCREEN=1",
					"JUCE_PROJUCER_VERSION=0x70002",
					"JUCE_MODULE_AVAILABLE_juce_audio_basics=1",
					"JUCE_MODULE_AVAILABLE_juce_audio_devices=1",
					"JUCE_MODULE_AVAILABLE_juce_audio_formats=1",
					"JUCE_MODULE_AVAILABLE_juce_audio_plugin_client=1",
					"JUCE_MODULE_AVAILABLE_juce_audio_processors=1",
					"JUCE_MODULE_AVAILABLE_juce_audio_utils=1",
					"JUCE_MODULE_AVAILABLE_juce_core=1",
					"JUCE_MODULE_AVAILABLE_juce_data_structures=1",
					"JUCE_MODULE_AVAILABLE_juce_events=1",
					"JUCE_MODULE_AVAILABLE_juce_graphics=1",
					"JUCE_MODULE_AVAILABLE_juce_gui_basics=1",
					"JUCE_MODULE_AVAILABLE_juce_gui_extra=1",
					"JUCE_GLOBAL_MODULE_SETTINGS_INCLUDED=1",
					"JUCE_VST3_CAN_REPLACE_VST2=0",
					"JUCE_STRICT_REFCOUNTEDPOINTER=1",
					"JucePlugin_Build_VST=0",
					"JucePlugin_Build_VST3=0",
					"JucePlugin_Build_AU=0",
					"JucePlugin_Build_AUv3=1",
					"JucePlugin_Build_AAX=0",
					"JucePlugin_Build_Standalone=0",
					"JucePlugin_Build_Unity=0",
					"JucePlugin_Build_LV2=0",
					"JucePlugin_Enable_IAA=0",
					"JucePlugin_Enable_ARA=0",
					"JucePlugin_Name=\\\"verbose\\\"",
					"JucePlugin_Desc=\\\"verbose\\\"",
					"JucePlugin_Manufacturer=\\\"yourcompany\\\"",
					"JucePlugin_ManufacturerWebsite=\\\"www.yourcompany.com\\\"",
					"JucePlugin_ManufacturerEmail=\\\"\\\"",
					"JucePlugin_ManufacturerCode=0x4d616e75",
					"JucePlugin_PluginCode=0x4a6c7169",
					"JucePlugin_IsSynth=0",
					"JucePlugin_WantsMidiInput=0",
					"JucePlugin_ProducesMidiOutput=0",
					"JucePlugin_IsMidiEffect=0",
					"JucePlugin_EditorRequiresKeyboardFocus=0",
					"JucePlugin_Version=1.0.0",
					"JucePlugin_VersionCode=0x10000",
					"JucePlugin_VersionString=\\\"1.0.0\\\"",
					"JucePlugin_VSTUniqueID=JucePlugin_PluginCode",
					"JucePlugin_VSTCategory=kPlugCategEffect",
					"JucePlugin_Vst3Category=\\\"Fx\\\"",
					"JucePlugin_AUMainType=\\'aufx\\'",
					"JucePlugin_AUSubType=JucePlugin_PluginCode",
					"JucePlugin_AUExportPrefix=verboseAU",
					"JucePlugin_AUExportPrefixQuoted=\\\"verboseAU\\\"",
					"JucePlugin_AUManufacturerCode=JucePlugin_ManufacturerCode",
					"JucePlugin_CFBundleIdentifier=com.yourcompany.verbose",
					"JucePlugin_AAXIdentifier=com.yourcompany.verbose",
					"JucePlugin_AAXManufacturerCode=JucePlugin_ManufacturerCode",
					"JucePlugin_AAXProductId=JucePlugin_PluginCode",
					"JucePlugin_AAXCategory=0",
					"JucePlugin_AAXDisableBypass=0",
					"JucePlugin_AAXDisableMultiMono=0",
					"JucePlugin_IAAType=0x61757278",
					"JucePlugin_IAASubType=JucePlugin_PluginCode",
					"JucePlugin_IAAName=\\\"yourcompany:\\ verbose\\\"",
					"JucePlugin_VSTNumMidiInputs=16",
					"JucePlugin_VSTNumMidiOutputs=16",
					"JucePlugin_ARAContentTypes=0",
					"JucePlugin_ARATransformationFlags=0",
					"JucePlugin_ARAFactoryID=\\\"com.yourcompany.verbose.factory\\\"",
					"JucePlugin_ARADocumentArchiveID=\\\"com.yourcompany.verbose.aradocumentarchive.1.0.0\\\"",
					"JucePlugin_ARACompatibleArchiveIDs=\\\"\\\"",
					"JUCE_STANDALONE_APPLICATION=JucePlugin_Build_Standalone",
					"JUCER_XCODE_MAC_F6D2F4CF=1",
					"JUCE_APP_VERSION=1.0.0",
					"JUCE_APP_VERSION_HEX=0x10000",
				);
				GCC_VERSION = com.apple.compilers.llvm.clang.1_0;
				HEADER_SEARCH_PATHS = (
					"/Applications/JUCE/modules/juce_audio_processors/format_types/VST3_SDK",
					"$(SRCROOT)/../../JuceLibraryCode",
					"/Applications/JUCE/modules",
					"/Applications/JUCE/modules/juce_audio_plugin_client",
					"$(inherited)",
				);
				INFOPLIST_FILE = Info-AUv3_AppExtension.plist;
				INFOPLIST_PREPROCESS = NO;
				LLVM_LTO = YES;
				MACOSX_DEPLOYMENT_TARGET = 10.11;
				MTL_HEADER_SEARCH_PATHS = "/Applications/JUCE/modules/juce_audio_processors/format_types/VST3_SDK $(SRCROOT)/../../JuceLibraryCode /Applications/JUCE/modules /Applications/JUCE/modules/juce_audio_plugin_client";
				OTHER_LDFLAGS = "-lverbose -weak_framework Metal -weak_framework MetalKit";
				PRODUCT_BUNDLE_IDENTIFIER = com.yourcompany.verbose.verboseAUv3;
				PRODUCT_NAME = "verbose";
				USE_HEADERMAP = NO;
				VALID_ARCHS = "i386 x86_64 arm64 arm64e";
			};
			name = Release;
		};
		93DBFE29D9F518CDEBA572E5 /* Release */ = {
			isa = XCBuildConfiguration;
			buildSettings = {
				CLANG_CXX_LANGUAGE_STANDARD = "c++14";
				CLANG_CXX_LIBRARY = "libc++";
				CLANG_LINK_OBJC_RUNTIME = NO;
				CODE_SIGN_IDENTITY = "";
				COMBINE_HIDPI_IMAGES = YES;
				CONFIGURATION_BUILD_DIR = "$(PROJECT_DIR)/build/$(CONFIGURATION)";
				DEAD_CODE_STRIPPING = YES;
				EXCLUDED_ARCHS = "";
				GCC_GENERATE_DEBUGGING_SYMBOLS = NO;
				GCC_OPTIMIZATION_LEVEL = 3;
				GCC_PREPROCESSOR_DEFINITIONS = (
					"_NDEBUG=1",
					"NDEBUG=1",
					"JUCE_DISPLAY_SPLASH_SCREEN=1",
					"JUCE_USE_DARK_SPLASH_SCREEN=1",
					"JUCE_PROJUCER_VERSION=0x70002",
					"JUCE_MODULE_AVAILABLE_juce_audio_basics=1",
					"JUCE_MODULE_AVAILABLE_juce_audio_devices=1",
					"JUCE_MODULE_AVAILABLE_juce_audio_formats=1",
					"JUCE_MODULE_AVAILABLE_juce_audio_plugin_client=1",
					"JUCE_MODULE_AVAILABLE_juce_audio_processors=1",
					"JUCE_MODULE_AVAILABLE_juce_audio_utils=1",
					"JUCE_MODULE_AVAILABLE_juce_core=1",
					"JUCE_MODULE_AVAILABLE_juce_data_structures=1",
					"JUCE_MODULE_AVAILABLE_juce_events=1",
					"JUCE_MODULE_AVAILABLE_juce_graphics=1",
					"JUCE_MODULE_AVAILABLE_juce_gui_basics=1",
					"JUCE_MODULE_AVAILABLE_juce_gui_extra=1",
					"JUCE_GLOBAL_MODULE_SETTINGS_INCLUDED=1",
					"JUCE_VST3_CAN_REPLACE_VST2=0",
					"JUCE_STRICT_REFCOUNTEDPOINTER=1",
					"JucePlugin_Build_VST=0",
					"JucePlugin_Build_VST3=1",
					"JucePlugin_Build_AU=0",
					"JucePlugin_Build_AUv3=1",
					"JucePlugin_Build_AAX=0",
					"JucePlugin_Build_Standalone=0",
					"JucePlugin_Build_Unity=0",
					"JucePlugin_Build_LV2=0",
					"JucePlugin_Enable_IAA=0",
					"JucePlugin_Enable_ARA=0",
					"JucePlugin_Name=\\\"verbose\\\"",
					"JucePlugin_Desc=\\\"verbose\\\"",
					"JucePlugin_Manufacturer=\\\"yourcompany\\\"",
					"JucePlugin_ManufacturerWebsite=\\\"www.yourcompany.com\\\"",
					"JucePlugin_ManufacturerEmail=\\\"\\\"",
					"JucePlugin_ManufacturerCode=0x4d616e75",
					"JucePlugin_PluginCode=0x4a6c7169",
					"JucePlugin_IsSynth=0",
					"JucePlugin_WantsMidiInput=0",
					"JucePlugin_ProducesMidiOutput=0",
					"JucePlugin_IsMidiEffect=0",
					"JucePlugin_EditorRequiresKeyboardFocus=0",
					"JucePlugin_Version=1.0.0",
					"JucePlugin_VersionCode=0x10000",
					"JucePlugin_VersionString=\\\"1.0.0\\\"",
					"JucePlugin_VSTUniqueID=JucePlugin_PluginCode",
					"JucePlugin_VSTCategory=kPlugCategEffect",
					"JucePlugin_Vst3Category=\\\"Fx\\\"",
					"JucePlugin_AUMainType=\\'aufx\\'",
					"JucePlugin_AUSubType=JucePlugin_PluginCode",
					"JucePlugin_AUExportPrefix=verboseAU",
					"JucePlugin_AUExportPrefixQuoted=\\\"verboseAU\\\"",
					"JucePlugin_AUManufacturerCode=JucePlugin_ManufacturerCode",
					"JucePlugin_CFBundleIdentifier=com.yourcompany.verbose",
					"JucePlugin_AAXIdentifier=com.yourcompany.verbose",
					"JucePlugin_AAXManufacturerCode=JucePlugin_ManufacturerCode",
					"JucePlugin_AAXProductId=JucePlugin_PluginCode",
					"JucePlugin_AAXCategory=0",
					"JucePlugin_AAXDisableBypass=0",
					"JucePlugin_AAXDisableMultiMono=0",
					"JucePlugin_IAAType=0x61757278",
					"JucePlugin_IAASubType=JucePlugin_PluginCode",
					"JucePlugin_IAAName=\\\"yourcompany:\\ verbose\\\"",
					"JucePlugin_VSTNumMidiInputs=16",
					"JucePlugin_VSTNumMidiOutputs=16",
					"JucePlugin_ARAContentTypes=0",
					"JucePlugin_ARATransformationFlags=0",
					"JucePlugin_ARAFactoryID=\\\"com.yourcompany.verbose.factory\\\"",
					"JucePlugin_ARADocumentArchiveID=\\\"com.yourcompany.verbose.aradocumentarchive.1.0.0\\\"",
					"JucePlugin_ARACompatibleArchiveIDs=\\\"\\\"",
					"JUCE_STANDALONE_APPLICATION=JucePlugin_Build_Standalone",
					"JUCER_XCODE_MAC_F6D2F4CF=1",
					"JUCE_APP_VERSION=1.0.0",
					"JUCE_APP_VERSION_HEX=0x10000",
					"JUCE_SHARED_CODE=1",
				);
				GCC_VERSION = com.apple.compilers.llvm.clang.1_0;
				HEADER_SEARCH_PATHS = (
					"/Applications/JUCE/modules/juce_audio_processors/format_types/VST3_SDK",
					"$(SRCROOT)/../../JuceLibraryCode",
					"/Applications/JUCE/modules",
					"/Applications/JUCE/modules/juce_audio_plugin_client",
					"$(inherited)",
				);
				INSTALL_PATH = "@executable_path/../Frameworks";
				LLVM_LTO = YES;
				MACOSX_DEPLOYMENT_TARGET = 10.11;
				MTL_HEADER_SEARCH_PATHS = "/Applications/JUCE/modules/juce_audio_processors/format_types/VST3_SDK $(SRCROOT)/../../JuceLibraryCode /Applications/JUCE/modules /Applications/JUCE/modules/juce_audio_plugin_client";
				OTHER_LDFLAGS = "-weak_framework Metal -weak_framework MetalKit";
				PRODUCT_BUNDLE_IDENTIFIER = com.yourcompany.verbose;
				PRODUCT_NAME = "verbose";
				SKIP_INSTALL = YES;
				USE_HEADERMAP = NO;
				VALID_ARCHS = "i386 x86_64 arm64 arm64e";
			};
			name = Release;
		};
		B0FFEC41C80FD11BB8B877A3 /* Debug */ = {
			isa = XCBuildConfiguration;
			buildSettings = {
				CLANG_CXX_LANGUAGE_STANDARD = "c++14";
				CLANG_CXX_LIBRARY = "libc++";
				CLANG_LINK_OBJC_RUNTIME = NO;
				CODE_SIGN_IDENTITY = "";
				COMBINE_HIDPI_IMAGES = YES;
				CONFIGURATION_BUILD_DIR = "$(PROJECT_DIR)/build/$(CONFIGURATION)";
				COPY_PHASE_STRIP = NO;
				EXCLUDED_ARCHS = "";
				GCC_DYNAMIC_NO_PIC = NO;
				GCC_OPTIMIZATION_LEVEL = 0;
				GCC_PREPROCESSOR_DEFINITIONS = (
					"_DEBUG=1",
					"DEBUG=1",
					"JUCE_DISPLAY_SPLASH_SCREEN=1",
					"JUCE_USE_DARK_SPLASH_SCREEN=1",
					"JUCE_PROJUCER_VERSION=0x70002",
					"JUCE_MODULE_AVAILABLE_juce_audio_basics=1",
					"JUCE_MODULE_AVAILABLE_juce_audio_devices=1",
					"JUCE_MODULE_AVAILABLE_juce_audio_formats=1",
					"JUCE_MODULE_AVAILABLE_juce_audio_plugin_client=1",
					"JUCE_MODULE_AVAILABLE_juce_audio_processors=1",
					"JUCE_MODULE_AVAILABLE_juce_audio_utils=1",
					"JUCE_MODULE_AVAILABLE_juce_core=1",
					"JUCE_MODULE_AVAILABLE_juce_data_structures=1",
					"JUCE_MODULE_AVAILABLE_juce_events=1",
					"JUCE_MODULE_AVAILABLE_juce_graphics=1",
					"JUCE_MODULE_AVAILABLE_juce_gui_basics=1",
					"JUCE_MODULE_AVAILABLE_juce_gui_extra=1",
					"JUCE_GLOBAL_MODULE_SETTINGS_INCLUDED=1",
					"JUCE_VST3_CAN_REPLACE_VST2=0",
					"JUCE_STRICT_REFCOUNTEDPOINTER=1",
					"JucePlugin_Build_VST=0",
					"JucePlugin_Build_VST3=1",
					"JucePlugin_Build_AU=0",
					"JucePlugin_Build_AUv3=1",
					"JucePlugin_Build_AAX=0",
					"JucePlugin_Build_Standalone=0",
					"JucePlugin_Build_Unity=0",
					"JucePlugin_Build_LV2=0",
					"JucePlugin_Enable_IAA=0",
					"JucePlugin_Enable_ARA=0",
					"JucePlugin_Name=\\\"verbose\\\"",
					"JucePlugin_Desc=\\\"verbose\\\"",
					"JucePlugin_Manufacturer=\\\"yourcompany\\\"",
					"JucePlugin_ManufacturerWebsite=\\\"www.yourcompany.com\\\"",
					"JucePlugin_ManufacturerEmail=\\\"\\\"",
					"JucePlugin_ManufacturerCode=0x4d616e75",
					"JucePlugin_PluginCode=0x4a6c7169",
					"JucePlugin_IsSynth=0",
					"JucePlugin_WantsMidiInput=0",
					"JucePlugin_ProducesMidiOutput=0",
					"JucePlugin_IsMidiEffect=0",
					"JucePlugin_EditorRequiresKeyboardFocus=0",
					"JucePlugin_Version=1.0.0",
					"JucePlugin_VersionCode=0x10000",
					"JucePlugin_VersionString=\\\"1.0.0\\\"",
					"JucePlugin_VSTUniqueID=JucePlugin_PluginCode",
					"JucePlugin_VSTCategory=kPlugCategEffect",
					"JucePlugin_Vst3Category=\\\"Fx\\\"",
					"JucePlugin_AUMainType=\\'aufx\\'",
					"JucePlugin_AUSubType=JucePlugin_PluginCode",
					"JucePlugin_AUExportPrefix=verboseAU",
					"JucePlugin_AUExportPrefixQuoted=\\\"verboseAU\\\"",
					"JucePlugin_AUManufacturerCode=JucePlugin_ManufacturerCode",
					"JucePlugin_CFBundleIdentifier=com.yourcompany.verbose",
					"JucePlugin_AAXIdentifier=com.yourcompany.verbose",
					"JucePlugin_AAXManufacturerCode=JucePlugin_ManufacturerCode",
					"JucePlugin_AAXProductId=JucePlugin_PluginCode",
					"JucePlugin_AAXCategory=0",
					"JucePlugin_AAXDisableBypass=0",
					"JucePlugin_AAXDisableMultiMono=0",
					"JucePlugin_IAAType=0x61757278",
					"JucePlugin_IAASubType=JucePlugin_PluginCode",
					"JucePlugin_IAAName=\\\"yourcompany:\\ verbose\\\"",
					"JucePlugin_VSTNumMidiInputs=16",
					"JucePlugin_VSTNumMidiOutputs=16",
					"JucePlugin_ARAContentTypes=0",
					"JucePlugin_ARATransformationFlags=0",
					"JucePlugin_ARAFactoryID=\\\"com.yourcompany.verbose.factory\\\"",
					"JucePlugin_ARADocumentArchiveID=\\\"com.yourcompany.verbose.aradocumentarchive.1.0.0\\\"",
					"JucePlugin_ARACompatibleArchiveIDs=\\\"\\\"",
					"JUCE_STANDALONE_APPLICATION=JucePlugin_Build_Standalone",
					"JUCER_XCODE_MAC_F6D2F4CF=1",
					"JUCE_APP_VERSION=1.0.0",
					"JUCE_APP_VERSION_HEX=0x10000",
					"JUCE_SHARED_CODE=1",
				);
				GCC_VERSION = com.apple.compilers.llvm.clang.1_0;
				HEADER_SEARCH_PATHS = (
					"/Applications/JUCE/modules/juce_audio_processors/format_types/VST3_SDK",
					"$(SRCROOT)/../../JuceLibraryCode",
					"/Applications/JUCE/modules",
					"/Applications/JUCE/modules/juce_audio_plugin_client",
					"$(inherited)",
				);
				INSTALL_PATH = "@executable_path/../Frameworks";
				MACOSX_DEPLOYMENT_TARGET = 10.11;
				MTL_HEADER_SEARCH_PATHS = "/Applications/JUCE/modules/juce_audio_processors/format_types/VST3_SDK $(SRCROOT)/../../JuceLibraryCode /Applications/JUCE/modules /Applications/JUCE/modules/juce_audio_plugin_client";
				OTHER_LDFLAGS = "-weak_framework Metal -weak_framework MetalKit";
				PRODUCT_BUNDLE_IDENTIFIER = com.yourcompany.verbose;
				PRODUCT_NAME = "verbose";
				SKIP_INSTALL = YES;
				USE_HEADERMAP = NO;
				VALID_ARCHS = "i386 x86_64 arm64 arm64e";
			};
			name = Debug;
		};
		C09933A248443282525C1DAA /* Debug */ = {
			isa = XCBuildConfiguration;
			buildSettings = {
				ARCHS = "$(ARCHS_STANDARD_64_BIT)";
				CLANG_CXX_LANGUAGE_STANDARD = "c++14";
				CLANG_CXX_LIBRARY = "libc++";
				CLANG_LINK_OBJC_RUNTIME = NO;
				CODE_SIGN_ENTITLEMENTS = "AUv3_AppExtension.entitlements";
				CODE_SIGN_IDENTITY = "";
				COMBINE_HIDPI_IMAGES = YES;
				CONFIGURATION_BUILD_DIR = "$(PROJECT_DIR)/build/$(CONFIGURATION)";
				COPY_PHASE_STRIP = NO;
				EXCLUDED_ARCHS = "";
				GCC_DYNAMIC_NO_PIC = NO;
				GCC_OPTIMIZATION_LEVEL = 0;
				GCC_PREPROCESSOR_DEFINITIONS = (
					"_DEBUG=1",
					"DEBUG=1",
					"JUCE_DISPLAY_SPLASH_SCREEN=1",
					"JUCE_USE_DARK_SPLASH_SCREEN=1",
					"JUCE_PROJUCER_VERSION=0x70002",
					"JUCE_MODULE_AVAILABLE_juce_audio_basics=1",
					"JUCE_MODULE_AVAILABLE_juce_audio_devices=1",
					"JUCE_MODULE_AVAILABLE_juce_audio_formats=1",
					"JUCE_MODULE_AVAILABLE_juce_audio_plugin_client=1",
					"JUCE_MODULE_AVAILABLE_juce_audio_processors=1",
					"JUCE_MODULE_AVAILABLE_juce_audio_utils=1",
					"JUCE_MODULE_AVAILABLE_juce_core=1",
					"JUCE_MODULE_AVAILABLE_juce_data_structures=1",
					"JUCE_MODULE_AVAILABLE_juce_events=1",
					"JUCE_MODULE_AVAILABLE_juce_graphics=1",
					"JUCE_MODULE_AVAILABLE_juce_gui_basics=1",
					"JUCE_MODULE_AVAILABLE_juce_gui_extra=1",
					"JUCE_GLOBAL_MODULE_SETTINGS_INCLUDED=1",
					"JUCE_VST3_CAN_REPLACE_VST2=0",
					"JUCE_STRICT_REFCOUNTEDPOINTER=1",
					"JucePlugin_Build_VST=0",
					"JucePlugin_Build_VST3=0",
					"JucePlugin_Build_AU=0",
					"JucePlugin_Build_AUv3=1",
					"JucePlugin_Build_AAX=0",
					"JucePlugin_Build_Standalone=0",
					"JucePlugin_Build_Unity=0",
					"JucePlugin_Build_LV2=0",
					"JucePlugin_Enable_IAA=0",
					"JucePlugin_Enable_ARA=0",
					"JucePlugin_Name=\\\"verbose\\\"",
					"JucePlugin_Desc=\\\"verbose\\\"",
					"JucePlugin_Manufacturer=\\\"yourcompany\\\"",
					"JucePlugin_ManufacturerWebsite=\\\"www.yourcompany.com\\\"",
					"JucePlugin_ManufacturerEmail=\\\"\\\"",
					"JucePlugin_ManufacturerCode=0x4d616e75",
					"JucePlugin_PluginCode=0x4a6c7169",
					"JucePlugin_IsSynth=0",
					"JucePlugin_WantsMidiInput=0",
					"JucePlugin_ProducesMidiOutput=0",
					"JucePlugin_IsMidiEffect=0",
					"JucePlugin_EditorRequiresKeyboardFocus=0",
					"JucePlugin_Version=1.0.0",
					"JucePlugin_VersionCode=0x10000",
					"JucePlugin_VersionString=\\\"1.0.0\\\"",
					"JucePlugin_VSTUniqueID=JucePlugin_PluginCode",
					"JucePlugin_VSTCategory=kPlugCategEffect",
					"JucePlugin_Vst3Category=\\\"Fx\\\"",
					"JucePlugin_AUMainType=\\'aufx\\'",
					"JucePlugin_AUSubType=JucePlugin_PluginCode",
					"JucePlugin_AUExportPrefix=verboseAU",
					"JucePlugin_AUExportPrefixQuoted=\\\"verboseAU\\\"",
					"JucePlugin_AUManufacturerCode=JucePlugin_ManufacturerCode",
					"JucePlugin_CFBundleIdentifier=com.yourcompany.verbose",
					"JucePlugin_AAXIdentifier=com.yourcompany.verbose",
					"JucePlugin_AAXManufacturerCode=JucePlugin_ManufacturerCode",
					"JucePlugin_AAXProductId=JucePlugin_PluginCode",
					"JucePlugin_AAXCategory=0",
					"JucePlugin_AAXDisableBypass=0",
					"JucePlugin_AAXDisableMultiMono=0",
					"JucePlugin_IAAType=0x61757278",
					"JucePlugin_IAASubType=JucePlugin_PluginCode",
					"JucePlugin_IAAName=\\\"yourcompany:\\ verbose\\\"",
					"JucePlugin_VSTNumMidiInputs=16",
					"JucePlugin_VSTNumMidiOutputs=16",
					"JucePlugin_ARAContentTypes=0",
					"JucePlugin_ARATransformationFlags=0",
					"JucePlugin_ARAFactoryID=\\\"com.yourcompany.verbose.factory\\\"",
					"JucePlugin_ARADocumentArchiveID=\\\"com.yourcompany.verbose.aradocumentarchive.1.0.0\\\"",
					"JucePlugin_ARACompatibleArchiveIDs=\\\"\\\"",
					"JUCE_STANDALONE_APPLICATION=JucePlugin_Build_Standalone",
					"JUCER_XCODE_MAC_F6D2F4CF=1",
					"JUCE_APP_VERSION=1.0.0",
					"JUCE_APP_VERSION_HEX=0x10000",
				);
				GCC_VERSION = com.apple.compilers.llvm.clang.1_0;
				HEADER_SEARCH_PATHS = (
					"/Applications/JUCE/modules/juce_audio_processors/format_types/VST3_SDK",
					"$(SRCROOT)/../../JuceLibraryCode",
					"/Applications/JUCE/modules",
					"/Applications/JUCE/modules/juce_audio_plugin_client",
					"$(inherited)",
				);
				INFOPLIST_FILE = Info-AUv3_AppExtension.plist;
				INFOPLIST_PREPROCESS = NO;
				MACOSX_DEPLOYMENT_TARGET = 10.11;
				MTL_HEADER_SEARCH_PATHS = "/Applications/JUCE/modules/juce_audio_processors/format_types/VST3_SDK $(SRCROOT)/../../JuceLibraryCode /Applications/JUCE/modules /Applications/JUCE/modules/juce_audio_plugin_client";
				OTHER_LDFLAGS = "-lverbose -weak_framework Metal -weak_framework MetalKit";
				PRODUCT_BUNDLE_IDENTIFIER = com.yourcompany.verbose.verboseAUv3;
				PRODUCT_NAME = "verbose";
				USE_HEADERMAP = NO;
				VALID_ARCHS = "i386 x86_64 arm64 arm64e";
			};
			name = Debug;
		};
		D9A4DE14FB1AC927F0E3EB94 /* Debug */ = {
			isa = XCBuildConfiguration;
			buildSettings = {
				ALWAYS_SEARCH_USER_PATHS = NO;
				CLANG_ENABLE_OBJC_WEAK = YES;
				CLANG_WARN_BLOCK_CAPTURE_AUTORELEASING = YES;
				CLANG_WARN_BOOL_CONVERSION = YES;
				CLANG_WARN_COMMA = YES;
				CLANG_WARN_CONSTANT_CONVERSION = YES;
				CLANG_WARN_DEPRECATED_OBJC_IMPLEMENTATIONS = YES;
				CLANG_WARN_EMPTY_BODY = YES;
				CLANG_WARN_ENUM_CONVERSION = YES;
				CLANG_WARN_INFINITE_RECURSION = YES;
				CLANG_WARN_INT_CONVERSION = YES;
				CLANG_WARN_NON_LITERAL_NULL_CONVERSION = YES;
				CLANG_WARN_OBJC_IMPLICIT_RETAIN_SELF = YES;
				CLANG_WARN_OBJC_LITERAL_CONVERSION = YES;
				CLANG_WARN_RANGE_LOOP_ANALYSIS = YES;
				CLANG_WARN_STRICT_PROTOTYPES = YES;
				CLANG_WARN_SUSPICIOUS_MOVE = YES;
				CLANG_WARN_UNREACHABLE_CODE = YES;
				CLANG_WARN__DUPLICATE_METHOD_MATCH = YES;
				CODE_SIGN_IDENTITY = "";
				DEBUG_INFORMATION_FORMAT = dwarf;
				ENABLE_STRICT_OBJC_MSGSEND = YES;
				ENABLE_TESTABILITY = NO;
				GCC_C_LANGUAGE_STANDARD = c11;
				GCC_INLINES_ARE_PRIVATE_EXTERN = YES;
				GCC_MODEL_TUNING = G5;
				GCC_NO_COMMON_BLOCKS = YES;
				GCC_SYMBOLS_PRIVATE_EXTERN = YES;
				GCC_WARN_64_TO_32_BIT_CONVERSION = YES;
				GCC_WARN_ABOUT_RETURN_TYPE = YES;
				GCC_WARN_CHECK_SWITCH_STATEMENTS = YES;
				GCC_WARN_MISSING_PARENTHESES = YES;
				GCC_WARN_NON_VIRTUAL_DESTRUCTOR = YES;
				GCC_WARN_TYPECHECK_CALLS_TO_PRINTF = YES;
				GCC_WARN_UNDECLARED_SELECTOR = YES;
				GCC_WARN_UNINITIALIZED_AUTOS = YES;
				GCC_WARN_UNUSED_FUNCTION = YES;
				GCC_WARN_UNUSED_VARIABLE = YES;
				ONLY_ACTIVE_ARCH = YES;
				PRODUCT_NAME = "verbose";
				SDKROOT = macosx;
				WARNING_CFLAGS = "-Wreorder";
				ZERO_LINK = NO;
			};
			name = Debug;
		};
		FC30F0C0A2A8EB3C34F3E84A /* Debug */ = {
			isa = XCBuildConfiguration;
			buildSettings = {
				MACOSX_DEPLOYMENT_TARGET = 10.11;
				SDKROOT = macosx;
			};
			name = Debug;
		};
/* End XCBuildConfiguration section */

/* Begin XCConfigurationList section */
		338019EF8713E011150C05F3 = {
			isa = XCConfigurationList;
			buildConfigurations = (
				205022F4F265A7B41D16CA10,
				D9A4DE14FB1AC927F0E3EB94,
			);
			defaultConfigurationIsVisible = 0;
			defaultConfigurationName = Debug;
		};
		6B1ADD0F143ACF1E0394F22C = {
			isa = XCConfigurationList;
			buildConfigurations = (
				FC30F0C0A2A8EB3C34F3E84A,
				40B56E0470689B0E6A5BD203,
			);
			defaultConfigurationIsVisible = 0;
			defaultConfigurationName = Debug;
		};
		BCFC326C5ED864EB0F997F7A = {
			isa = XCConfigurationList;
			buildConfigurations = (
				1C852BDF194367AF02DC869B,
				40888D162E55C98A970CC98E,
			);
			defaultConfigurationIsVisible = 0;
			defaultConfigurationName = Debug;
		};
		C9BA6FCFB9329C1598328AC9 = {
			isa = XCConfigurationList;
			buildConfigurations = (
				B0FFEC41C80FD11BB8B877A3,
				93DBFE29D9F518CDEBA572E5,
			);
			defaultConfigurationIsVisible = 0;
			defaultConfigurationName = Debug;
		};
		EE42AFBC95B493068389B029 = {
			isa = XCConfigurationList;
			buildConfigurations = (
				C09933A248443282525C1DAA,
				8AB5FE8F39F10D6DF0A04DCE,
			);
			defaultConfigurationIsVisible = 0;
			defaultConfigurationName = Debug;
		};
/* End XCConfigurationList section */
	};
	rootObject = 5217F0875F5664A8FF4E6CC1 /* Project object */;
}
